
Microsoft Visual Studio Solution File, Format Version 12.00
# Visual Studio Version 17
VisualStudioVersion = 17.9.34728.123
MinimumVisualStudioVersion = 10.0.40219.1
Project("{FAE04EC0-301F-11D3-BF4B-00C04F79EFBC}") = "dev back end", "dev back end\dev back end.csproj", "{292CE7EC-6D4D-41A4-9192-838E6CFA43A7}"
EndProject
Global
	GlobalSection(SolutionConfigurationPlatforms) = preSolution
		Debug|Any CPU = Debug|Any CPU
		Release|Any CPU = Release|Any CPU
	EndGlobalSection
	GlobalSection(ProjectConfigurationPlatforms) = postSolution
		{292CE7EC-6D4D-41A4-9192-838E6CFA43A7}.Debug|Any CPU.ActiveCfg = Debug|Any CPU
		{292CE7EC-6D4D-41A4-9192-838E6CFA43A7}.Debug|Any CPU.Build.0 = Debug|Any CPU
		{292CE7EC-6D4D-41A4-9192-838E6CFA43A7}.Release|Any CPU.ActiveCfg = Release|Any CPU
		{292CE7EC-6D4D-41A4-9192-838E6CFA43A7}.Release|Any CPU.Build.0 = Release|Any CPU
	EndGlobalSection
	GlobalSection(SolutionProperties) = preSolution
		HideSolutionNode = FALSE
	EndGlobalSection
	GlobalSection(ExtensibilityGlobals) = postSolution
		SolutionGuid = {240FB32D-C481-4634-A8E2-A5D5AE755510}
	EndGlobalSection
EndGlobal
